// !$*UTF8*$!
{
	archiveVersion = 1;
	classes = {
	};
	objectVersion = 55;
	objects = {

/* Begin PBXBuildFile section */
		4E35DC2E28136FF5009844BB /* AppDelegate.swift in Sources */ = {isa = PBXBuildFile; fileRef = 4E35DC2D28136FF5009844BB /* AppDelegate.swift */; };
		4E35DC3028136FF5009844BB /* SceneDelegate.swift in Sources */ = {isa = PBXBuildFile; fileRef = 4E35DC2F28136FF5009844BB /* SceneDelegate.swift */; };
		4E35DC3528136FF5009844BB /* Main.storyboard in Resources */ = {isa = PBXBuildFile; fileRef = 4E35DC3328136FF5009844BB /* Main.storyboard */; };
		4E35DC3728136FF7009844BB /* Assets.xcassets in Resources */ = {isa = PBXBuildFile; fileRef = 4E35DC3628136FF7009844BB /* Assets.xcassets */; };
		4E35DC3A28136FF7009844BB /* LaunchScreen.storyboard in Resources */ = {isa = PBXBuildFile; fileRef = 4E35DC3828136FF7009844BB /* LaunchScreen.storyboard */; };
		4E35DC4528136FF8009844BB /* VChoresTests.swift in Sources */ = {isa = PBXBuildFile; fileRef = 4E35DC4428136FF8009844BB /* VChoresTests.swift */; };
		4E35DC4F28136FF8009844BB /* VChoresUITests.swift in Sources */ = {isa = PBXBuildFile; fileRef = 4E35DC4E28136FF8009844BB /* VChoresUITests.swift */; };
		4E35DC5128136FF8009844BB /* VChoresUITestsLaunchTests.swift in Sources */ = {isa = PBXBuildFile; fileRef = 4E35DC5028136FF8009844BB /* VChoresUITestsLaunchTests.swift */; };
		4E8AA2082813C35E002E6235 /* FeedViewController.swift in Sources */ = {isa = PBXBuildFile; fileRef = 4E8AA2072813C35E002E6235 /* FeedViewController.swift */; };
		4E8AA20A2813C36D002E6235 /* LoginViewController.swift in Sources */ = {isa = PBXBuildFile; fileRef = 4E8AA2092813C36D002E6235 /* LoginViewController.swift */; };
		4E8AA20C2813CB3D002E6235 /* RequestViewController.swift in Sources */ = {isa = PBXBuildFile; fileRef = 4E8AA20B2813CB3C002E6235 /* RequestViewController.swift */; };
		4E8AA20E2813D67B002E6235 /* RequestCell.swift in Sources */ = {isa = PBXBuildFile; fileRef = 4E8AA20D2813D67A002E6235 /* RequestCell.swift */; };
		523EAD1D281509980008F653 /* CornerPosition.swift in Sources */ = {isa = PBXBuildFile; fileRef = 523EAD1C281509980008F653 /* CornerPosition.swift */; };
		523EAD1F281509A70008F653 /* UICustomButton in Resources */ = {isa = PBXBuildFile; fileRef = 523EAD1E281509A70008F653 /* UICustomButton */; };
		52443EC928153C14002BBAD8 /* SearchViewController.swift in Sources */ = {isa = PBXBuildFile; fileRef = 52443EC828153C13002BBAD8 /* SearchViewController.swift */; };
		52443ECB28153D91002BBAD8 /* AccountViewController.swift in Sources */ = {isa = PBXBuildFile; fileRef = 52443ECA28153D91002BBAD8 /* AccountViewController.swift */; };
		5267573E281C6932006FC4FD /* SinglePostViewController.swift in Sources */ = {isa = PBXBuildFile; fileRef = 5267573D281C6932006FC4FD /* SinglePostViewController.swift */; };
		7930E2A71558C144B01E882F /* Pods_VChores.framework in Frameworks */ = {isa = PBXBuildFile; fileRef = 8D6BFFF4637EF371A00E891F /* Pods_VChores.framework */; };
		FA8849F128170C76001A03EE /* SVN-Harabaras.ttf in Resources */ = {isa = PBXBuildFile; fileRef = FA8849EF28170C61001A03EE /* SVN-Harabaras.ttf */; };
		FA8849F228170C78001A03EE /* SVN-Abril Fatface.ttf in Resources */ = {isa = PBXBuildFile; fileRef = FA8849F028170C74001A03EE /* SVN-Abril Fatface.ttf */; };
		FA8849F428170EDD001A03EE /* CustomTextField.swift in Sources */ = {isa = PBXBuildFile; fileRef = FA8849F328170EDD001A03EE /* CustomTextField.swift */; };
/* End PBXBuildFile section */

/* Begin PBXContainerItemProxy section */
		4E35DC4128136FF8009844BB /* PBXContainerItemProxy */ = {
			isa = PBXContainerItemProxy;
			containerPortal = 4E35DC2228136FF5009844BB /* Project object */;
			proxyType = 1;
			remoteGlobalIDString = 4E35DC2928136FF5009844BB;
			remoteInfo = VChores;
		};
		4E35DC4B28136FF8009844BB /* PBXContainerItemProxy */ = {
			isa = PBXContainerItemProxy;
			containerPortal = 4E35DC2228136FF5009844BB /* Project object */;
			proxyType = 1;
			remoteGlobalIDString = 4E35DC2928136FF5009844BB;
			remoteInfo = VChores;
		};
/* End PBXContainerItemProxy section */

/* Begin PBXFileReference section */
		38C70B64C2CDDCDD3901FF4E /* Pods-VChores.debug.xcconfig */ = {isa = PBXFileReference; includeInIndex = 1; lastKnownFileType = text.xcconfig; name = "Pods-VChores.debug.xcconfig"; path = "Target Support Files/Pods-VChores/Pods-VChores.debug.xcconfig"; sourceTree = "<group>"; };
		4E35DC2A28136FF5009844BB /* VChores.app */ = {isa = PBXFileReference; explicitFileType = wrapper.application; includeInIndex = 0; path = VChores.app; sourceTree = BUILT_PRODUCTS_DIR; };
		4E35DC2D28136FF5009844BB /* AppDelegate.swift */ = {isa = PBXFileReference; lastKnownFileType = sourcecode.swift; path = AppDelegate.swift; sourceTree = "<group>"; };
		4E35DC2F28136FF5009844BB /* SceneDelegate.swift */ = {isa = PBXFileReference; lastKnownFileType = sourcecode.swift; path = SceneDelegate.swift; sourceTree = "<group>"; };
		4E35DC3428136FF5009844BB /* Base */ = {isa = PBXFileReference; lastKnownFileType = file.storyboard; name = Base; path = Base.lproj/Main.storyboard; sourceTree = "<group>"; };
		4E35DC3628136FF7009844BB /* Assets.xcassets */ = {isa = PBXFileReference; lastKnownFileType = folder.assetcatalog; path = Assets.xcassets; sourceTree = "<group>"; };
		4E35DC3928136FF7009844BB /* Base */ = {isa = PBXFileReference; lastKnownFileType = file.storyboard; name = Base; path = Base.lproj/LaunchScreen.storyboard; sourceTree = "<group>"; };
		4E35DC3B28136FF7009844BB /* Info.plist */ = {isa = PBXFileReference; lastKnownFileType = text.plist.xml; path = Info.plist; sourceTree = "<group>"; };
		4E35DC4028136FF8009844BB /* VChoresTests.xctest */ = {isa = PBXFileReference; explicitFileType = wrapper.cfbundle; includeInIndex = 0; path = VChoresTests.xctest; sourceTree = BUILT_PRODUCTS_DIR; };
		4E35DC4428136FF8009844BB /* VChoresTests.swift */ = {isa = PBXFileReference; lastKnownFileType = sourcecode.swift; path = VChoresTests.swift; sourceTree = "<group>"; };
		4E35DC4A28136FF8009844BB /* VChoresUITests.xctest */ = {isa = PBXFileReference; explicitFileType = wrapper.cfbundle; includeInIndex = 0; path = VChoresUITests.xctest; sourceTree = BUILT_PRODUCTS_DIR; };
		4E35DC4E28136FF8009844BB /* VChoresUITests.swift */ = {isa = PBXFileReference; lastKnownFileType = sourcecode.swift; path = VChoresUITests.swift; sourceTree = "<group>"; };
		4E35DC5028136FF8009844BB /* VChoresUITestsLaunchTests.swift */ = {isa = PBXFileReference; lastKnownFileType = sourcecode.swift; path = VChoresUITestsLaunchTests.swift; sourceTree = "<group>"; };
		4E8AA2072813C35E002E6235 /* FeedViewController.swift */ = {isa = PBXFileReference; lastKnownFileType = sourcecode.swift; path = FeedViewController.swift; sourceTree = "<group>"; };
		4E8AA2092813C36D002E6235 /* LoginViewController.swift */ = {isa = PBXFileReference; lastKnownFileType = sourcecode.swift; path = LoginViewController.swift; sourceTree = "<group>"; };
		4E8AA20B2813CB3C002E6235 /* RequestViewController.swift */ = {isa = PBXFileReference; lastKnownFileType = sourcecode.swift; path = RequestViewController.swift; sourceTree = "<group>"; };
		4E8AA20D2813D67A002E6235 /* RequestCell.swift */ = {isa = PBXFileReference; lastKnownFileType = sourcecode.swift; path = RequestCell.swift; sourceTree = "<group>"; };
		523EAD1C281509980008F653 /* CornerPosition.swift */ = {isa = PBXFileReference; fileEncoding = 4; lastKnownFileType = sourcecode.swift; path = CornerPosition.swift; sourceTree = "<group>"; };
		523EAD1E281509A70008F653 /* UICustomButton */ = {isa = PBXFileReference; lastKnownFileType = folder; path = UICustomButton; sourceTree = "<group>"; };
		52443EC828153C13002BBAD8 /* SearchViewController.swift */ = {isa = PBXFileReference; lastKnownFileType = sourcecode.swift; path = SearchViewController.swift; sourceTree = "<group>"; };
		52443ECA28153D91002BBAD8 /* AccountViewController.swift */ = {isa = PBXFileReference; lastKnownFileType = sourcecode.swift; path = AccountViewController.swift; sourceTree = "<group>"; };
		5267573D281C6932006FC4FD /* SinglePostViewController.swift */ = {isa = PBXFileReference; lastKnownFileType = sourcecode.swift; path = SinglePostViewController.swift; sourceTree = "<group>"; };
		7A42CC37F147345C52DBD4AD /* Pods-VChores.release.xcconfig */ = {isa = PBXFileReference; includeInIndex = 1; lastKnownFileType = text.xcconfig; name = "Pods-VChores.release.xcconfig"; path = "Target Support Files/Pods-VChores/Pods-VChores.release.xcconfig"; sourceTree = "<group>"; };
		8D6BFFF4637EF371A00E891F /* Pods_VChores.framework */ = {isa = PBXFileReference; explicitFileType = wrapper.framework; includeInIndex = 0; path = Pods_VChores.framework; sourceTree = BUILT_PRODUCTS_DIR; };
		FA8849EF28170C61001A03EE /* SVN-Harabaras.ttf */ = {isa = PBXFileReference; lastKnownFileType = file; path = "SVN-Harabaras.ttf"; sourceTree = "<group>"; };
		FA8849F028170C74001A03EE /* SVN-Abril Fatface.ttf */ = {isa = PBXFileReference; lastKnownFileType = file; path = "SVN-Abril Fatface.ttf"; sourceTree = "<group>"; };
		FA8849F328170EDD001A03EE /* CustomTextField.swift */ = {isa = PBXFileReference; lastKnownFileType = sourcecode.swift; path = CustomTextField.swift; sourceTree = "<group>"; };
/* End PBXFileReference section */

/* Begin PBXFrameworksBuildPhase section */
		4E35DC2728136FF5009844BB /* Frameworks */ = {
			isa = PBXFrameworksBuildPhase;
			buildActionMask = 2147483647;
			files = (
				7930E2A71558C144B01E882F /* Pods_VChores.framework in Frameworks */,
			);
			runOnlyForDeploymentPostprocessing = 0;
		};
		4E35DC3D28136FF8009844BB /* Frameworks */ = {
			isa = PBXFrameworksBuildPhase;
			buildActionMask = 2147483647;
			files = (
			);
			runOnlyForDeploymentPostprocessing = 0;
		};
		4E35DC4728136FF8009844BB /* Frameworks */ = {
			isa = PBXFrameworksBuildPhase;
			buildActionMask = 2147483647;
			files = (
			);
			runOnlyForDeploymentPostprocessing = 0;
		};
/* End PBXFrameworksBuildPhase section */

/* Begin PBXGroup section */
		4E35DC2128136FF5009844BB = {
			isa = PBXGroup;
			children = (
				FA8849EA28170AB2001A03EE /* Fonts */,
				523EAD1B281508630008F653 /* Components */,
				4E35DC2C28136FF5009844BB /* VChores */,
				4E35DC4328136FF8009844BB /* VChoresTests */,
				4E35DC4D28136FF8009844BB /* VChoresUITests */,
				4E35DC2B28136FF5009844BB /* Products */,
				6DE287AA35989584369A6A4B /* Pods */,
				C169B7E8A71F6B4997FBF2E8 /* Frameworks */,
			);
			sourceTree = "<group>";
		};
		4E35DC2B28136FF5009844BB /* Products */ = {
			isa = PBXGroup;
			children = (
				4E35DC2A28136FF5009844BB /* VChores.app */,
				4E35DC4028136FF8009844BB /* VChoresTests.xctest */,
				4E35DC4A28136FF8009844BB /* VChoresUITests.xctest */,
			);
			name = Products;
			sourceTree = "<group>";
		};
		4E35DC2C28136FF5009844BB /* VChores */ = {
			isa = PBXGroup;
			children = (
				4E35DC2D28136FF5009844BB /* AppDelegate.swift */,
				4E8AA20B2813CB3C002E6235 /* RequestViewController.swift */,
				4E35DC2F28136FF5009844BB /* SceneDelegate.swift */,
				4E35DC3328136FF5009844BB /* Main.storyboard */,
				4E35DC3628136FF7009844BB /* Assets.xcassets */,
				4E35DC3828136FF7009844BB /* LaunchScreen.storyboard */,
				4E35DC3B28136FF7009844BB /* Info.plist */,
				4E8AA2072813C35E002E6235 /* FeedViewController.swift */,
				4E8AA2092813C36D002E6235 /* LoginViewController.swift */,
				4E8AA20D2813D67A002E6235 /* RequestCell.swift */,
				52443EC828153C13002BBAD8 /* SearchViewController.swift */,
				52443ECA28153D91002BBAD8 /* AccountViewController.swift */,
				5267573D281C6932006FC4FD /* SinglePostViewController.swift */,
			);
			path = VChores;
			sourceTree = "<group>";
		};
		4E35DC4328136FF8009844BB /* VChoresTests */ = {
			isa = PBXGroup;
			children = (
				4E35DC4428136FF8009844BB /* VChoresTests.swift */,
			);
			path = VChoresTests;
			sourceTree = "<group>";
		};
		4E35DC4D28136FF8009844BB /* VChoresUITests */ = {
			isa = PBXGroup;
			children = (
				4E35DC4E28136FF8009844BB /* VChoresUITests.swift */,
				4E35DC5028136FF8009844BB /* VChoresUITestsLaunchTests.swift */,
			);
			path = VChoresUITests;
			sourceTree = "<group>";
		};
		523EAD1B281508630008F653 /* Components */ = {
			isa = PBXGroup;
			children = (
				523EAD1C281509980008F653 /* CornerPosition.swift */,
				523EAD1E281509A70008F653 /* UICustomButton */,
				FA8849F328170EDD001A03EE /* CustomTextField.swift */,
			);
			path = Components;
			sourceTree = "<group>";
		};
		6DE287AA35989584369A6A4B /* Pods */ = {
			isa = PBXGroup;
			children = (
				38C70B64C2CDDCDD3901FF4E /* Pods-VChores.debug.xcconfig */,
				7A42CC37F147345C52DBD4AD /* Pods-VChores.release.xcconfig */,
			);
			path = Pods;
			sourceTree = "<group>";
		};
		C169B7E8A71F6B4997FBF2E8 /* Frameworks */ = {
			isa = PBXGroup;
			children = (
				8D6BFFF4637EF371A00E891F /* Pods_VChores.framework */,
			);
			name = Frameworks;
			sourceTree = "<group>";
		};
		FA8849EA28170AB2001A03EE /* Fonts */ = {
			isa = PBXGroup;
			children = (
				FA8849F028170C74001A03EE /* SVN-Abril Fatface.ttf */,
				FA8849EF28170C61001A03EE /* SVN-Harabaras.ttf */,
			);
			path = Fonts;
			sourceTree = "<group>";
		};
/* End PBXGroup section */

/* Begin PBXNativeTarget section */
		4E35DC2928136FF5009844BB /* VChores */ = {
			isa = PBXNativeTarget;
			buildConfigurationList = 4E35DC5428136FF8009844BB /* Build configuration list for PBXNativeTarget "VChores" */;
			buildPhases = (
				ECED0DD99587931E053FE29F /* [CP] Check Pods Manifest.lock */,
				4E35DC2628136FF5009844BB /* Sources */,
				4E35DC2728136FF5009844BB /* Frameworks */,
				4E35DC2828136FF5009844BB /* Resources */,
				31C21946FB384444F15FDAF2 /* [CP] Embed Pods Frameworks */,
			);
			buildRules = (
			);
			dependencies = (
			);
			name = VChores;
			productName = VChores;
			productReference = 4E35DC2A28136FF5009844BB /* VChores.app */;
			productType = "com.apple.product-type.application";
		};
		4E35DC3F28136FF8009844BB /* VChoresTests */ = {
			isa = PBXNativeTarget;
			buildConfigurationList = 4E35DC5728136FF8009844BB /* Build configuration list for PBXNativeTarget "VChoresTests" */;
			buildPhases = (
				4E35DC3C28136FF8009844BB /* Sources */,
				4E35DC3D28136FF8009844BB /* Frameworks */,
				4E35DC3E28136FF8009844BB /* Resources */,
			);
			buildRules = (
			);
			dependencies = (
				4E35DC4228136FF8009844BB /* PBXTargetDependency */,
			);
			name = VChoresTests;
			productName = VChoresTests;
			productReference = 4E35DC4028136FF8009844BB /* VChoresTests.xctest */;
			productType = "com.apple.product-type.bundle.unit-test";
		};
		4E35DC4928136FF8009844BB /* VChoresUITests */ = {
			isa = PBXNativeTarget;
			buildConfigurationList = 4E35DC5A28136FF8009844BB /* Build configuration list for PBXNativeTarget "VChoresUITests" */;
			buildPhases = (
				4E35DC4628136FF8009844BB /* Sources */,
				4E35DC4728136FF8009844BB /* Frameworks */,
				4E35DC4828136FF8009844BB /* Resources */,
			);
			buildRules = (
			);
			dependencies = (
				4E35DC4C28136FF8009844BB /* PBXTargetDependency */,
			);
			name = VChoresUITests;
			productName = VChoresUITests;
			productReference = 4E35DC4A28136FF8009844BB /* VChoresUITests.xctest */;
			productType = "com.apple.product-type.bundle.ui-testing";
		};
/* End PBXNativeTarget section */

/* Begin PBXProject section */
		4E35DC2228136FF5009844BB /* Project object */ = {
			isa = PBXProject;
			attributes = {
				BuildIndependentTargetsInParallel = 1;
				LastSwiftUpdateCheck = 1310;
				LastUpgradeCheck = 1310;
				TargetAttributes = {
					4E35DC2928136FF5009844BB = {
						CreatedOnToolsVersion = 13.1;
					};
					4E35DC3F28136FF8009844BB = {
						CreatedOnToolsVersion = 13.1;
						TestTargetID = 4E35DC2928136FF5009844BB;
					};
					4E35DC4928136FF8009844BB = {
						CreatedOnToolsVersion = 13.1;
						TestTargetID = 4E35DC2928136FF5009844BB;
					};
				};
			};
			buildConfigurationList = 4E35DC2528136FF5009844BB /* Build configuration list for PBXProject "VChores" */;
			compatibilityVersion = "Xcode 13.0";
			developmentRegion = en;
			hasScannedForEncodings = 0;
			knownRegions = (
				en,
				Base,
			);
			mainGroup = 4E35DC2128136FF5009844BB;
			productRefGroup = 4E35DC2B28136FF5009844BB /* Products */;
			projectDirPath = "";
			projectRoot = "";
			targets = (
				4E35DC2928136FF5009844BB /* VChores */,
				4E35DC3F28136FF8009844BB /* VChoresTests */,
				4E35DC4928136FF8009844BB /* VChoresUITests */,
			);
		};
/* End PBXProject section */

/* Begin PBXResourcesBuildPhase section */
		4E35DC2828136FF5009844BB /* Resources */ = {
			isa = PBXResourcesBuildPhase;
			buildActionMask = 2147483647;
			files = (
				4E35DC3A28136FF7009844BB /* LaunchScreen.storyboard in Resources */,
				4E35DC3728136FF7009844BB /* Assets.xcassets in Resources */,
				4E35DC3528136FF5009844BB /* Main.storyboard in Resources */,
				FA8849F128170C76001A03EE /* SVN-Harabaras.ttf in Resources */,
				523EAD1F281509A70008F653 /* UICustomButton in Resources */,
				FA8849F228170C78001A03EE /* SVN-Abril Fatface.ttf in Resources */,
			);
			runOnlyForDeploymentPostprocessing = 0;
		};
		4E35DC3E28136FF8009844BB /* Resources */ = {
			isa = PBXResourcesBuildPhase;
			buildActionMask = 2147483647;
			files = (
			);
			runOnlyForDeploymentPostprocessing = 0;
		};
		4E35DC4828136FF8009844BB /* Resources */ = {
			isa = PBXResourcesBuildPhase;
			buildActionMask = 2147483647;
			files = (
			);
			runOnlyForDeploymentPostprocessing = 0;
		};
/* End PBXResourcesBuildPhase section */

/* Begin PBXShellScriptBuildPhase section */
		31C21946FB384444F15FDAF2 /* [CP] Embed Pods Frameworks */ = {
			isa = PBXShellScriptBuildPhase;
			buildActionMask = 2147483647;
			files = (
			);
			inputFileListPaths = (
				"${PODS_ROOT}/Target Support Files/Pods-VChores/Pods-VChores-frameworks-${CONFIGURATION}-input-files.xcfilelist",
			);
			name = "[CP] Embed Pods Frameworks";
			outputFileListPaths = (
				"${PODS_ROOT}/Target Support Files/Pods-VChores/Pods-VChores-frameworks-${CONFIGURATION}-output-files.xcfilelist",
			);
			runOnlyForDeploymentPostprocessing = 0;
			shellPath = /bin/sh;
			shellScript = "\"${PODS_ROOT}/Target Support Files/Pods-VChores/Pods-VChores-frameworks.sh\"\n";
			showEnvVarsInLog = 0;
		};
		ECED0DD99587931E053FE29F /* [CP] Check Pods Manifest.lock */ = {
			isa = PBXShellScriptBuildPhase;
			buildActionMask = 2147483647;
			files = (
			);
			inputFileListPaths = (
			);
			inputPaths = (
				"${PODS_PODFILE_DIR_PATH}/Podfile.lock",
				"${PODS_ROOT}/Manifest.lock",
			);
			name = "[CP] Check Pods Manifest.lock";
			outputFileListPaths = (
			);
			outputPaths = (
				"$(DERIVED_FILE_DIR)/Pods-VChores-checkManifestLockResult.txt",
			);
			runOnlyForDeploymentPostprocessing = 0;
			shellPath = /bin/sh;
			shellScript = "diff \"${PODS_PODFILE_DIR_PATH}/Podfile.lock\" \"${PODS_ROOT}/Manifest.lock\" > /dev/null\nif [ $? != 0 ] ; then\n    # print error to STDERR\n    echo \"error: The sandbox is not in sync with the Podfile.lock. Run 'pod install' or update your CocoaPods installation.\" >&2\n    exit 1\nfi\n# This output is used by Xcode 'outputs' to avoid re-running this script phase.\necho \"SUCCESS\" > \"${SCRIPT_OUTPUT_FILE_0}\"\n";
			showEnvVarsInLog = 0;
		};
/* End PBXShellScriptBuildPhase section */

/* Begin PBXSourcesBuildPhase section */
		4E35DC2628136FF5009844BB /* Sources */ = {
			isa = PBXSourcesBuildPhase;
			buildActionMask = 2147483647;
			files = (
				4E8AA20A2813C36D002E6235 /* LoginViewController.swift in Sources */,
				4E8AA20E2813D67B002E6235 /* RequestCell.swift in Sources */,
				5267573E281C6932006FC4FD /* SinglePostViewController.swift in Sources */,
				52443EC928153C14002BBAD8 /* SearchViewController.swift in Sources */,
				523EAD1D281509980008F653 /* CornerPosition.swift in Sources */,
				FA8849F428170EDD001A03EE /* CustomTextField.swift in Sources */,
				4E35DC2E28136FF5009844BB /* AppDelegate.swift in Sources */,
				4E8AA20C2813CB3D002E6235 /* RequestViewController.swift in Sources */,
				4E8AA2082813C35E002E6235 /* FeedViewController.swift in Sources */,
				4E35DC3028136FF5009844BB /* SceneDelegate.swift in Sources */,
				52443ECB28153D91002BBAD8 /* AccountViewController.swift in Sources */,
			);
			runOnlyForDeploymentPostprocessing = 0;
		};
		4E35DC3C28136FF8009844BB /* Sources */ = {
			isa = PBXSourcesBuildPhase;
			buildActionMask = 2147483647;
			files = (
				4E35DC4528136FF8009844BB /* VChoresTests.swift in Sources */,
			);
			runOnlyForDeploymentPostprocessing = 0;
		};
		4E35DC4628136FF8009844BB /* Sources */ = {
			isa = PBXSourcesBuildPhase;
			buildActionMask = 2147483647;
			files = (
				4E35DC4F28136FF8009844BB /* VChoresUITests.swift in Sources */,
				4E35DC5128136FF8009844BB /* VChoresUITestsLaunchTests.swift in Sources */,
			);
			runOnlyForDeploymentPostprocessing = 0;
		};
/* End PBXSourcesBuildPhase section */

/* Begin PBXTargetDependency section */
		4E35DC4228136FF8009844BB /* PBXTargetDependency */ = {
			isa = PBXTargetDependency;
			target = 4E35DC2928136FF5009844BB /* VChores */;
			targetProxy = 4E35DC4128136FF8009844BB /* PBXContainerItemProxy */;
		};
		4E35DC4C28136FF8009844BB /* PBXTargetDependency */ = {
			isa = PBXTargetDependency;
			target = 4E35DC2928136FF5009844BB /* VChores */;
			targetProxy = 4E35DC4B28136FF8009844BB /* PBXContainerItemProxy */;
		};
/* End PBXTargetDependency section */

/* Begin PBXVariantGroup section */
		4E35DC3328136FF5009844BB /* Main.storyboard */ = {
			isa = PBXVariantGroup;
			children = (
				4E35DC3428136FF5009844BB /* Base */,
			);
			name = Main.storyboard;
			sourceTree = "<group>";
		};
		4E35DC3828136FF7009844BB /* LaunchScreen.storyboard */ = {
			isa = PBXVariantGroup;
			children = (
				4E35DC3928136FF7009844BB /* Base */,
			);
			name = LaunchScreen.storyboard;
			sourceTree = "<group>";
		};
/* End PBXVariantGroup section */

/* Begin XCBuildConfiguration section */
		4E35DC5228136FF8009844BB /* Debug */ = {
			isa = XCBuildConfiguration;
			buildSettings = {
				ALWAYS_SEARCH_USER_PATHS = NO;
				CLANG_ANALYZER_NONNULL = YES;
				CLANG_ANALYZER_NUMBER_OBJECT_CONVERSION = YES_AGGRESSIVE;
				CLANG_CXX_LANGUAGE_STANDARD = "gnu++17";
				CLANG_CXX_LIBRARY = "libc++";
				CLANG_ENABLE_MODULES = YES;
				CLANG_ENABLE_OBJC_ARC = YES;
				CLANG_ENABLE_OBJC_WEAK = YES;
				CLANG_WARN_BLOCK_CAPTURE_AUTORELEASING = YES;
				CLANG_WARN_BOOL_CONVERSION = YES;
				CLANG_WARN_COMMA = YES;
				CLANG_WARN_CONSTANT_CONVERSION = YES;
				CLANG_WARN_DEPRECATED_OBJC_IMPLEMENTATIONS = YES;
				CLANG_WARN_DIRECT_OBJC_ISA_USAGE = YES_ERROR;
				CLANG_WARN_DOCUMENTATION_COMMENTS = YES;
				CLANG_WARN_EMPTY_BODY = YES;
				CLANG_WARN_ENUM_CONVERSION = YES;
				CLANG_WARN_INFINITE_RECURSION = YES;
				CLANG_WARN_INT_CONVERSION = YES;
				CLANG_WARN_NON_LITERAL_NULL_CONVERSION = YES;
				CLANG_WARN_OBJC_IMPLICIT_RETAIN_SELF = YES;
				CLANG_WARN_OBJC_LITERAL_CONVERSION = YES;
				CLANG_WARN_OBJC_ROOT_CLASS = YES_ERROR;
				CLANG_WARN_QUOTED_INCLUDE_IN_FRAMEWORK_HEADER = YES;
				CLANG_WARN_RANGE_LOOP_ANALYSIS = YES;
				CLANG_WARN_STRICT_PROTOTYPES = YES;
				CLANG_WARN_SUSPICIOUS_MOVE = YES;
				CLANG_WARN_UNGUARDED_AVAILABILITY = YES_AGGRESSIVE;
				CLANG_WARN_UNREACHABLE_CODE = YES;
				CLANG_WARN__DUPLICATE_METHOD_MATCH = YES;
				COPY_PHASE_STRIP = NO;
				DEBUG_INFORMATION_FORMAT = dwarf;
				ENABLE_STRICT_OBJC_MSGSEND = YES;
				ENABLE_TESTABILITY = YES;
				GCC_C_LANGUAGE_STANDARD = gnu11;
				GCC_DYNAMIC_NO_PIC = NO;
				GCC_NO_COMMON_BLOCKS = YES;
				GCC_OPTIMIZATION_LEVEL = 0;
				GCC_PREPROCESSOR_DEFINITIONS = (
					"DEBUG=1",
					"$(inherited)",
				);
				GCC_WARN_64_TO_32_BIT_CONVERSION = YES;
				GCC_WARN_ABOUT_RETURN_TYPE = YES_ERROR;
				GCC_WARN_UNDECLARED_SELECTOR = YES;
				GCC_WARN_UNINITIALIZED_AUTOS = YES_AGGRESSIVE;
				GCC_WARN_UNUSED_FUNCTION = YES;
				GCC_WARN_UNUSED_VARIABLE = YES;
				IPHONEOS_DEPLOYMENT_TARGET = 15.0;
				MTL_ENABLE_DEBUG_INFO = INCLUDE_SOURCE;
				MTL_FAST_MATH = YES;
				ONLY_ACTIVE_ARCH = YES;
				SDKROOT = iphoneos;
				SWIFT_ACTIVE_COMPILATION_CONDITIONS = DEBUG;
				SWIFT_OPTIMIZATION_LEVEL = "-Onone";
			};
			name = Debug;
		};
		4E35DC5328136FF8009844BB /* Release */ = {
			isa = XCBuildConfiguration;
			buildSettings = {
				ALWAYS_SEARCH_USER_PATHS = NO;
				CLANG_ANALYZER_NONNULL = YES;
				CLANG_ANALYZER_NUMBER_OBJECT_CONVERSION = YES_AGGRESSIVE;
				CLANG_CXX_LANGUAGE_STANDARD = "gnu++17";
				CLANG_CXX_LIBRARY = "libc++";
				CLANG_ENABLE_MODULES = YES;
				CLANG_ENABLE_OBJC_ARC = YES;
				CLANG_ENABLE_OBJC_WEAK = YES;
				CLANG_WARN_BLOCK_CAPTURE_AUTORELEASING = YES;
				CLANG_WARN_BOOL_CONVERSION = YES;
				CLANG_WARN_COMMA = YES;
				CLANG_WARN_CONSTANT_CONVERSION = YES;
				CLANG_WARN_DEPRECATED_OBJC_IMPLEMENTATIONS = YES;
				CLANG_WARN_DIRECT_OBJC_ISA_USAGE = YES_ERROR;
				CLANG_WARN_DOCUMENTATION_COMMENTS = YES;
				CLANG_WARN_EMPTY_BODY = YES;
				CLANG_WARN_ENUM_CONVERSION = YES;
				CLANG_WARN_INFINITE_RECURSION = YES;
				CLANG_WARN_INT_CONVERSION = YES;
				CLANG_WARN_NON_LITERAL_NULL_CONVERSION = YES;
				CLANG_WARN_OBJC_IMPLICIT_RETAIN_SELF = YES;
				CLANG_WARN_OBJC_LITERAL_CONVERSION = YES;
				CLANG_WARN_OBJC_ROOT_CLASS = YES_ERROR;
				CLANG_WARN_QUOTED_INCLUDE_IN_FRAMEWORK_HEADER = YES;
				CLANG_WARN_RANGE_LOOP_ANALYSIS = YES;
				CLANG_WARN_STRICT_PROTOTYPES = YES;
				CLANG_WARN_SUSPICIOUS_MOVE = YES;
				CLANG_WARN_UNGUARDED_AVAILABILITY = YES_AGGRESSIVE;
				CLANG_WARN_UNREACHABLE_CODE = YES;
				CLANG_WARN__DUPLICATE_METHOD_MATCH = YES;
				COPY_PHASE_STRIP = NO;
				DEBUG_INFORMATION_FORMAT = "dwarf-with-dsym";
				ENABLE_NS_ASSERTIONS = NO;
				ENABLE_STRICT_OBJC_MSGSEND = YES;
				GCC_C_LANGUAGE_STANDARD = gnu11;
				GCC_NO_COMMON_BLOCKS = YES;
				GCC_WARN_64_TO_32_BIT_CONVERSION = YES;
				GCC_WARN_ABOUT_RETURN_TYPE = YES_ERROR;
				GCC_WARN_UNDECLARED_SELECTOR = YES;
				GCC_WARN_UNINITIALIZED_AUTOS = YES_AGGRESSIVE;
				GCC_WARN_UNUSED_FUNCTION = YES;
				GCC_WARN_UNUSED_VARIABLE = YES;
				IPHONEOS_DEPLOYMENT_TARGET = 15.0;
				MTL_ENABLE_DEBUG_INFO = NO;
				MTL_FAST_MATH = YES;
				SDKROOT = iphoneos;
				SWIFT_COMPILATION_MODE = wholemodule;
				SWIFT_OPTIMIZATION_LEVEL = "-O";
				VALIDATE_PRODUCT = YES;
			};
			name = Release;
		};
		4E35DC5528136FF8009844BB /* Debug */ = {
			isa = XCBuildConfiguration;
			baseConfigurationReference = 38C70B64C2CDDCDD3901FF4E /* Pods-VChores.debug.xcconfig */;
			buildSettings = {
				ASSETCATALOG_COMPILER_APPICON_NAME = AppIcon;
				ASSETCATALOG_COMPILER_GLOBAL_ACCENT_COLOR_NAME = AccentColor;
				CODE_SIGN_STYLE = Automatic;
				CURRENT_PROJECT_VERSION = 1;
				GENERATE_INFOPLIST_FILE = YES;
				INFOPLIST_FILE = VChores/Info.plist;
				INFOPLIST_KEY_LSApplicationCategoryType = "";
				INFOPLIST_KEY_UIApplicationSupportsIndirectInputEvents = YES;
				INFOPLIST_KEY_UILaunchStoryboardName = LaunchScreen;
				INFOPLIST_KEY_UIMainStoryboardFile = Main;
				INFOPLIST_KEY_UISupportedInterfaceOrientations_iPad = "UIInterfaceOrientationPortrait UIInterfaceOrientationPortraitUpsideDown UIInterfaceOrientationLandscapeLeft UIInterfaceOrientationLandscapeRight";
				INFOPLIST_KEY_UISupportedInterfaceOrientations_iPhone = "UIInterfaceOrientationPortrait UIInterfaceOrientationLandscapeLeft UIInterfaceOrientationLandscapeRight";
				LD_RUNPATH_SEARCH_PATHS = (
					"$(inherited)",
					"@executable_path/Frameworks",
				);
				MARKETING_VERSION = 1.0;
				PRODUCT_BUNDLE_IDENTIFIER = com.codepath.VChores;
				PRODUCT_NAME = "$(TARGET_NAME)";
				SWIFT_EMIT_LOC_STRINGS = YES;
				SWIFT_VERSION = 5.0;
				TARGETED_DEVICE_FAMILY = "1,2";
			};
			name = Debug;
		};
		4E35DC5628136FF8009844BB /* Release */ = {
			isa = XCBuildConfiguration;
			baseConfigurationReference = 7A42CC37F147345C52DBD4AD /* Pods-VChores.release.xcconfig */;
			buildSettings = {
				ASSETCATALOG_COMPILER_APPICON_NAME = AppIcon;
				ASSETCATALOG_COMPILER_GLOBAL_ACCENT_COLOR_NAME = AccentColor;
				CODE_SIGN_STYLE = Automatic;
				CURRENT_PROJECT_VERSION = 1;
				GENERATE_INFOPLIST_FILE = YES;
				INFOPLIST_FILE = VChores/Info.plist;
				INFOPLIST_KEY_LSApplicationCategoryType = "";
				INFOPLIST_KEY_UIApplicationSupportsIndirectInputEvents = YES;
				INFOPLIST_KEY_UILaunchStoryboardName = LaunchScreen;
				INFOPLIST_KEY_UIMainStoryboardFile = Main;
				INFOPLIST_KEY_UISupportedInterfaceOrientations_iPad = "UIInterfaceOrientationPortrait UIInterfaceOrientationPortraitUpsideDown UIInterfaceOrientationLandscapeLeft UIInterfaceOrientationLandscapeRight";
				INFOPLIST_KEY_UISupportedInterfaceOrientations_iPhone = "UIInterfaceOrientationPortrait UIInterfaceOrientationLandscapeLeft UIInterfaceOrientationLandscapeRight";
				LD_RUNPATH_SEARCH_PATHS = (
					"$(inherited)",
					"@executable_path/Frameworks",
				);
				MARKETING_VERSION = 1.0;
				PRODUCT_BUNDLE_IDENTIFIER = com.codepath.VChores;
				PRODUCT_NAME = "$(TARGET_NAME)";
				SWIFT_EMIT_LOC_STRINGS = YES;
				SWIFT_VERSION = 5.0;
				TARGETED_DEVICE_FAMILY = "1,2";
			};
			name = Release;
		};
		4E35DC5828136FF8009844BB /* Debug */ = {
			isa = XCBuildConfiguration;
			buildSettings = {
				ALWAYS_EMBED_SWIFT_STANDARD_LIBRARIES = YES;
				BUNDLE_LOADER = "$(TEST_HOST)";
				CODE_SIGN_STYLE = Automatic;
				CURRENT_PROJECT_VERSION = 1;
				GENERATE_INFOPLIST_FILE = YES;
				IPHONEOS_DEPLOYMENT_TARGET = 15.0;
				LD_RUNPATH_SEARCH_PATHS = (
					"$(inherited)",
					"@executable_path/Frameworks",
					"@loader_path/Frameworks",
				);
				MARKETING_VERSION = 1.0;
				PRODUCT_BUNDLE_IDENTIFIER = com.codepath.VChoresTests;
				PRODUCT_NAME = "$(TARGET_NAME)";
				SWIFT_EMIT_LOC_STRINGS = NO;
				SWIFT_VERSION = 5.0;
				TARGETED_DEVICE_FAMILY = "1,2";
				TEST_HOST = "$(BUILT_PRODUCTS_DIR)/VChores.app/VChores";
			};
			name = Debug;
		};
		4E35DC5928136FF8009844BB /* Release */ = {
			isa = XCBuildConfiguration;
			buildSettings = {
				ALWAYS_EMBED_SWIFT_STANDARD_LIBRARIES = YES;
				BUNDLE_LOADER = "$(TEST_HOST)";
				CODE_SIGN_STYLE = Automatic;
				CURRENT_PROJECT_VERSION = 1;
				GENERATE_INFOPLIST_FILE = YES;
				IPHONEOS_DEPLOYMENT_TARGET = 15.0;
				LD_RUNPATH_SEARCH_PATHS = (
					"$(inherited)",
					"@executable_path/Frameworks",
					"@loader_path/Frameworks",
				);
				MARKETING_VERSION = 1.0;
				PRODUCT_BUNDLE_IDENTIFIER = com.codepath.VChoresTests;
				PRODUCT_NAME = "$(TARGET_NAME)";
				SWIFT_EMIT_LOC_STRINGS = NO;
				SWIFT_VERSION = 5.0;
				TARGETED_DEVICE_FAMILY = "1,2";
				TEST_HOST = "$(BUILT_PRODUCTS_DIR)/VChores.app/VChores";
			};
			name = Release;
		};
		4E35DC5B28136FF8009844BB /* Debug */ = {
			isa = XCBuildConfiguration;
			buildSettings = {
				ALWAYS_EMBED_SWIFT_STANDARD_LIBRARIES = YES;
				CODE_SIGN_STYLE = Automatic;
				CURRENT_PROJECT_VERSION = 1;
				GENERATE_INFOPLIST_FILE = YES;
				LD_RUNPATH_SEARCH_PATHS = (
					"$(inherited)",
					"@executable_path/Frameworks",
					"@loader_path/Frameworks",
				);
				MARKETING_VERSION = 1.0;
				PRODUCT_BUNDLE_IDENTIFIER = com.codepath.VChoresUITests;
				PRODUCT_NAME = "$(TARGET_NAME)";
				SWIFT_EMIT_LOC_STRINGS = NO;
				SWIFT_VERSION = 5.0;
				TARGETED_DEVICE_FAMILY = "1,2";
				TEST_TARGET_NAME = VChores;
			};
			name = Debug;
		};
		4E35DC5C28136FF8009844BB /* Release */ = {
			isa = XCBuildConfiguration;
			buildSettings = {
				ALWAYS_EMBED_SWIFT_STANDARD_LIBRARIES = YES;
				CODE_SIGN_STYLE = Automatic;
				CURRENT_PROJECT_VERSION = 1;
				GENERATE_INFOPLIST_FILE = YES;
				LD_RUNPATH_SEARCH_PATHS = (
					"$(inherited)",
					"@executable_path/Frameworks",
					"@loader_path/Frameworks",
				);
				MARKETING_VERSION = 1.0;
				PRODUCT_BUNDLE_IDENTIFIER = com.codepath.VChoresUITests;
				PRODUCT_NAME = "$(TARGET_NAME)";
				SWIFT_EMIT_LOC_STRINGS = NO;
				SWIFT_VERSION = 5.0;
				TARGETED_DEVICE_FAMILY = "1,2";
				TEST_TARGET_NAME = VChores;
			};
			name = Release;
		};
/* End XCBuildConfiguration section */

/* Begin XCConfigurationList section */
		4E35DC2528136FF5009844BB /* Build configuration list for PBXProject "VChores" */ = {
			isa = XCConfigurationList;
			buildConfigurations = (
				4E35DC5228136FF8009844BB /* Debug */,
				4E35DC5328136FF8009844BB /* Release */,
			);
			defaultConfigurationIsVisible = 0;
			defaultConfigurationName = Release;
		};
		4E35DC5428136FF8009844BB /* Build configuration list for PBXNativeTarget "VChores" */ = {
			isa = XCConfigurationList;
			buildConfigurations = (
				4E35DC5528136FF8009844BB /* Debug */,
				4E35DC5628136FF8009844BB /* Release */,
			);
			defaultConfigurationIsVisible = 0;
			defaultConfigurationName = Release;
		};
		4E35DC5728136FF8009844BB /* Build configuration list for PBXNativeTarget "VChoresTests" */ = {
			isa = XCConfigurationList;
			buildConfigurations = (
				4E35DC5828136FF8009844BB /* Debug */,
				4E35DC5928136FF8009844BB /* Release */,
			);
			defaultConfigurationIsVisible = 0;
			defaultConfigurationName = Release;
		};
		4E35DC5A28136FF8009844BB /* Build configuration list for PBXNativeTarget "VChoresUITests" */ = {
			isa = XCConfigurationList;
			buildConfigurations = (
				4E35DC5B28136FF8009844BB /* Debug */,
				4E35DC5C28136FF8009844BB /* Release */,
			);
			defaultConfigurationIsVisible = 0;
			defaultConfigurationName = Release;
		};
/* End XCConfigurationList section */
	};
	rootObject = 4E35DC2228136FF5009844BB /* Project object */;
}
